{
  "name": "test-sdk",
  "version": "1.0.0",
  "lockfileVersion": 3,
  "requires": true,
  "packages": {
    "": {
      "name": "test-sdk",
      "version": "1.0.0",
      "license": "ISC",
      "dependencies": {
        "harsh-aws-sdk": "^1.4.0"
      }
    },
    "node_modules/harsh-aws-sdk": {
      "version": "1.4.0",
      "resolved": "https://registry.npmjs.org/harsh-aws-sdk/-/harsh-aws-sdk-1.4.0.tgz",
      "integrity": "sha512-6d0ge40GuUzEGz06lfiT1zG2z9C2apUjiR2z9r22CI4x2o1bQRr7E93bFZEdchRkqSypkNBO87ntlfbJmbOf+A=="
    }
  }
}
